
Microsoft Visual Studio Solution File, Format Version 12.00
# Visual Studio Version 16
VisualStudioVersion = 16.0.28803.352
MinimumVisualStudioVersion = 10.0.40219.1
Project("{FAE04EC0-301F-11D3-BF4B-00C04F79EFBC}") = "WinRT.GraphicsCapture", "WinRT.GraphicsCapture\WinRT.GraphicsCapture.csproj", "{0654DF3F-FBB5-44CD-B5D8-6715D2A73531}"
EndProject
Global
	GlobalSection(SolutionConfigurationPlatforms) = preSolution
		Debug|Any CPU = Debug|Any CPU
		Debug|x64 = Debug|x64
		Release|Any CPU = Release|Any CPU
		Release|x64 = Release|x64
	EndGlobalSection
	GlobalSection(ProjectConfigurationPlatforms) = postSolution
		{0654DF3F-FBB5-44CD-B5D8-6715D2A73531}.Debug|Any CPU.ActiveCfg = Debug|Any CPU
		{0654DF3F-FBB5-44CD-B5D8-6715D2A73531}.Debug|Any CPU.Build.0 = Debug|Any CPU
		{0654DF3F-FBB5-44CD-B5D8-6715D2A73531}.Debug|x64.ActiveCfg = Debug|Any CPU
		{0654DF3F-FBB5-44CD-B5D8-6715D2A73531}.Debug|x64.Build.0 = Debug|Any CPU
		{0654DF3F-FBB5-44CD-B5D8-6715D2A73531}.Release|Any CPU.ActiveCfg = Release|Any CPU
		{0654DF3F-FBB5-44CD-B5D8-6715D2A73531}.Release|Any CPU.Build.0 = Release|Any CPU
		{0654DF3F-FBB5-44CD-B5D8-6715D2A73531}.Release|x64.ActiveCfg = Release|Any CPU
		{0654DF3F-FBB5-44CD-B5D8-6715D2A73531}.Release|x64.Build.0 = Release|Any CPU
	EndGlobalSection
	GlobalSection(SolutionProperties) = preSolution
		HideSolutionNode = FALSE
	EndGlobalSection
	GlobalSection(ExtensibilityGlobals) = postSolution
		SolutionGuid = {52E13334-9638-44E6-856A-FDB9B302A147}
	EndGlobalSection
EndGlobal
